// !$*UTF8*$!
{
	archiveVersion = 1;
	classes = {
	};
	objectVersion = 56;
	objects = {

/* Begin PBXBuildFile section */
		1A1A1A1A1A1A1A1A1A1A1A1A /* TransitionPlannerApp.swift in Sources */ = {isa = PBXBuildFile; fileRef = 2B2B2B2B2B2B2B2B2B2B2B2B /* TransitionPlannerApp.swift */; };
		2A2A2A2A2A2A2A2A2A2A2A2A /* ContentView.swift in Sources */ = {isa = PBXBuildFile; fileRef = 3B3B3B3B3B3B3B3B3B3B3B3B /* ContentView.swift */; };
		3A3A3A3A3A3A3A3A3A3A3A3A /* CategoryView.swift in Sources */ = {isa = PBXBuildFile; fileRef = 4B4B4B4B4B4B4B4B4B4B4B4B /* CategoryView.swift */; };
		4A4A4A4A4A4A4A4A4A4A4A4A /* Task.swift in Sources */ = {isa = PBXBuildFile; fileRef = 5B5B5B5B5B5B5B5B5B5B5B5B /* Task.swift */; };
		5A5A5A5A5A5A5A5A5A5A5A5A /* TaskManager.swift in Sources */ = {isa = PBXBuildFile; fileRef = 6B6B6B6B6B6B6B6B6B6B6B6B /* TaskManager.swift */; };
		6A6A6A6A6A6A6A6A6A6A6A6A /* Translations.swift in Sources */ = {isa = PBXBuildFile; fileRef = 7B7B7B7B7B7B7B7B7B7B7B7B /* Translations.swift */; };
/* End PBXBuildFile section */

/* Begin PBXFileReference section */
		1B1B1B1B1B1B1B1B1B1B1B1B /* TransitionPlanner.app */ = {isa = PBXFileReference; explicitFileType = wrapper.application; includeInIndex = 0; path = TransitionPlanner.app; sourceTree = BUILT_PRODUCTS_DIR; };
		2B2B2B2B2B2B2B2B2B2B2B2B /* TransitionPlannerApp.swift */ = {isa = PBXFileReference; lastKnownFileType = sourcecode.swift; name = TransitionPlannerApp.swift; path = TransitionPlanner/TransitionPlannerApp.swift; sourceTree = SOURCE_ROOT; };
		3B3B3B3B3B3B3B3B3B3B3B3B /* ContentView.swift */ = {isa = PBXFileReference; lastKnownFileType = sourcecode.swift; name = ContentView.swift; path = TransitionPlanner/Views/ContentView.swift; sourceTree = SOURCE_ROOT; };
		4B4B4B4B4B4B4B4B4B4B4B4B /* CategoryView.swift */ = {isa = PBXFileReference; lastKnownFileType = sourcecode.swift; name = CategoryView.swift; path = TransitionPlanner/Views/CategoryView.swift; sourceTree = SOURCE_ROOT; };
		5B5B5B5B5B5B5B5B5B5B5B5B /* Task.swift */ = {isa = PBXFileReference; lastKnownFileType = sourcecode.swift; name = Task.swift; path = TransitionPlanner/Models/Task.swift; sourceTree = SOURCE_ROOT; };
		6B6B6B6B6B6B6B6B6B6B6B6B /* TaskManager.swift */ = {isa = PBXFileReference; lastKnownFileType = sourcecode.swift; name = TaskManager.swift; path = TransitionPlanner/Models/TaskManager.swift; sourceTree = SOURCE_ROOT; };
		7B7B7B7B7B7B7B7B7B7B7B7B /* Translations.swift */ = {isa = PBXFileReference; lastKnownFileType = sourcecode.swift; name = Translations.swift; path = TransitionPlanner/Models/Translations.swift; sourceTree = SOURCE_ROOT; };
/* End PBXFileReference section */

/* Begin PBXFrameworksBuildPhase section */
		8B8B8B8B8B8B8B8B8B8B8B8B /* Frameworks */ = {
			isa = PBXFrameworksBuildPhase;
			buildActionMask = 2147483647;
			files = (
			);
			runOnlyForDeploymentPostprocessing = 0;
		};
/* End PBXFrameworksBuildPhase section */

/* Begin PBXGroup section */
		9B9B9B9B9B9B9B9B9B9B9B9B /* Products */ = {
			isa = PBXGroup;
			children = (
				1B1B1B1B1B1B1B1B1B1B1B1B /* TransitionPlanner.app */,
			);
			name = Products;
			sourceTree = "<group>";
		};
		10B10B10B10B10B10B10B10B /* TransitionPlanner */ = {
			isa = PBXGroup;
			children = (
				2B2B2B2B2B2B2B2B2B2B2B2B /* TransitionPlannerApp.swift */,
				ABABABABABABABABABABABAB /* Views */,
				BCBCBCBCBCBCBCBCBCBCBCBC /* Models */,
			);
			path = TransitionPlanner;
			sourceTree = "<group>";
		};
		ABABABABABABABABABABABAB /* Views */ = {
			isa = PBXGroup;
			children = (
				3B3B3B3B3B3B3B3B3B3B3B3B /* ContentView.swift */,
				4B4B4B4B4B4B4B4B4B4B4B4B /* CategoryView.swift */,
			);
			path = Views;
			sourceTree = "<group>";
		};
		BCBCBCBCBCBCBCBCBCBCBCBC /* Models */ = {
			isa = PBXGroup;
			children = (
				5B5B5B5B5B5B5B5B5B5B5B5B /* Task.swift */,
				6B6B6B6B6B6B6B6B6B6B6B6B /* TaskManager.swift */,
			);
			path = Models;
			sourceTree = "<group>";
		};
/* End PBXGroup section */

/* Begin PBXNativeTarget section */
		CDCDCDCDCDCDCDCDCDCDCDCD /* TransitionPlanner */ = {
			isa = PBXNativeTarget;
			buildConfigurationList = DEDEDEDEDEDEDEDEDEDEDEDE /* Build configuration list for PBXNativeTarget "TransitionPlanner" */;
			buildPhases = (
				8B8B8B8B8B8B8B8B8B8B8B8B /* Frameworks */,
				EFEFEFEFEFEFEFEFEFEFEFEF /* Sources */,
			);
			buildRules = (
			);
			dependencies = (
			);
			name = TransitionPlanner;
			productName = TransitionPlanner;
			productReference = 1B1B1B1B1B1B1B1B1B1B1B1B /* TransitionPlanner.app */;
			productType = "com.apple.product-type.application";
		};
/* End PBXNativeTarget section */

/* Begin PBXProject section */
		F1F1F1F1F1F1F1F1F1F1F1F1 /* Project object */ = {
			isa = PBXProject;
			attributes = {
				BuildIndependentTargetsInParallel = 1;
				LastSwiftUpdateCheck = 1500;
				LastUpgradeCheck = 1500;
				TargetAttributes = {
					CDCDCDCDCDCDCDCDCDCDCDCD = {
						CreatedOnToolsVersion = 15.0;
					};
				};
			};
			buildConfigurationList = F2F2F2F2F2F2F2F2F2F2F2F2 /* Build configuration list for PBXProject "TransitionPlanner" */;
			compatibilityVersion = "Xcode 14.0";
			developmentRegion = en;
			hasScannedForEncodings = 0;
			knownRegions = (
				en,
				Base,
			);
			mainGroup = 10B10B10B10B10B10B10B10B /* TransitionPlanner */;
			productRefGroup = 9B9B9B9B9B9B9B9B9B9B9B9B /* Products */;
			projectDirPath = "";
			projectRoot = "";
			targets = (
				CDCDCDCDCDCDCDCDCDCDCDCD /* TransitionPlanner */,
			);
		};
/* End PBXProject section */

/* Begin PBXSourcesBuildPhase section */
		EFEFEFEFEFEFEFEFEFEFEFEF /* Sources */ = {
			isa = PBXSourcesBuildPhase;
			buildActionMask = 2147483647;
			files = (
				1A1A1A1A1A1A1A1A1A1A1A1A /* TransitionPlannerApp.swift in Sources */,
				2A2A2A2A2A2A2A2A2A2A2A2A /* ContentView.swift in Sources */,
				3A3A3A3A3A3A3A3A3A3A3A3A /* CategoryView.swift in Sources */,
				4A4A4A4A4A4A4A4A4A4A4A4A /* Task.swift in Sources */,
				5A5A5A5A5A5A5A5A5A5A5A5A /* TaskManager.swift in Sources */,
				6A6A6A6A6A6A6A6A6A6A6A6A /* Translations.swift in Sources */,
			);
			runOnlyForDeploymentPostprocessing = 0;
		};
/* End PBXSourcesBuildPhase section */

/* Begin XCBuildConfiguration section */
		F3F3F3F3F3F3F3F3F3F3F3F3 /* Debug */ = {
			isa = XCBuildConfiguration;
			buildSettings = {
				ALWAYS_SEARCH_USER_PATHS = NO;
				ASSETCATALOG_COMPILER_GENERATE_SWIFT_ASSET_SYMBOL_EXTENSIONS = YES;
				CLANG_ANALYZER_NONNULL = YES;
				CLANG_CXX_LANGUAGE_STANDARD = "gnu++20";
				CLANG_ENABLE_MODULES = YES;
				CLANG_ENABLE_OBJC_ARC = YES;
				COPY_PHASE_STRIP = NO;
				DEBUG_INFORMATION_FORMAT = dwarf;
				ENABLE_STRICT_OBJC_MSGSEND = YES;
				ENABLE_TESTABILITY = YES;
				ENABLE_USER_SCRIPT_SANDBOXING = YES;
				GCC_OPTIMIZATION_LEVEL = 0;
				GCC_PREPROCESSOR_DEFINITIONS = (
					"DEBUG=1",
					"$(inherited)",
				);
				IPHONEOS_DEPLOYMENT_TARGET = 17.0;
				LOCALIZATION_PREFERS_STRING_CATALOGS = YES;
				MTL_ENABLE_DEBUG_INFO = INCLUDE_SOURCE;
				MTL_FAST_MATH = YES;
				ONLY_ACTIVE_ARCH = YES;
				SDKROOT = iphoneos;
				SWIFT_ACTIVE_COMPILATION_CONDITIONS = "DEBUG $(inherited)";
				SWIFT_OPTIMIZATION_LEVEL = "-Onone";
			};
			name = Debug;
		};
		F4F4F4F4F4F4F4F4F4F4F4F4 /* Release */ = {
			isa = XCBuildConfiguration;
			buildSettings = {
				ALWAYS_SEARCH_USER_PATHS = NO;
				ASSETCATALOG_COMPILER_GENERATE_SWIFT_ASSET_SYMBOL_EXTENSIONS = YES;
				CLANG_ANALYZER_NONNULL = YES;
				CLANG_CXX_LANGUAGE_STANDARD = "gnu++20";
				CLANG_ENABLE_MODULES = YES;
				CLANG_ENABLE_OBJC_ARC = YES;
				COPY_PHASE_STRIP = NO;
				DEBUG_INFORMATION_FORMAT = "dwarf-with-dsym";
				ENABLE_NS_ASSERTIONS = NO;
				ENABLE_STRICT_OBJC_MSGSEND = YES;
				ENABLE_USER_SCRIPT_SANDBOXING = YES;
				GCC_OPTIMIZATION_LEVEL = s;
				IPHONEOS_DEPLOYMENT_TARGET = 17.0;
				LOCALIZATION_PREFERS_STRING_CATALOGS = YES;
				MTL_ENABLE_DEBUG_INFO = NO;
				MTL_FAST_MATH = YES;
				SDKROOT = iphoneos;
				SWIFT_COMPILATION_MODE = wholemodule;
				VALIDATE_PRODUCT = YES;
			};
			name = Release;
		};
		F5F5F5F5F5F5F5F5F5F5F5F5 /* Debug */ = {
			isa = XCBuildConfiguration;
			buildSettings = {
				ASSETCATALOG_COMPILER_APPICON_NAME = AppIcon;
				ASSETCATALOG_COMPILER_GLOBAL_ACCENT_COLOR_NAME = AccentColor;
				CODE_SIGN_STYLE = Automatic;
				CURRENT_PROJECT_VERSION = 1;
				DEVELOPMENT_ASSET_PATHS = "";
				DEVELOPMENT_TEAM = 627B5YTK7V;
				ENABLE_PREVIEWS = YES;
				GENERATE_INFOPLIST_FILE = YES;
				INFOPLIST_KEY_UIApplicationSceneManifest_Generation = YES;
				INFOPLIST_KEY_UIApplicationSupportsIndirectInputEvents = YES;
				INFOPLIST_KEY_UILaunchScreen_Generation = YES;
				INFOPLIST_KEY_UISupportedInterfaceOrientations_iPad = "UIInterfaceOrientationPortrait UIInterfaceOrientationPortraitUpsideDown UIInterfaceOrientationLandscapeLeft UIInterfaceOrientationLandscapeRight";
				INFOPLIST_KEY_UISupportedInterfaceOrientations_iPhone = "UIInterfaceOrientationPortrait UIInterfaceOrientationLandscapeLeft UIInterfaceOrientationLandscapeRight";
				LD_RUNPATH_SEARCH_PATHS = (
					"$(inherited)",
					"@executable_path/Frameworks",
				);
				MARKETING_VERSION = 1.0;
				PRODUCT_BUNDLE_IDENTIFIER = com.example.TransitionPlanner;
				PRODUCT_NAME = "$(TARGET_NAME)";
				SWIFT_EMIT_LOC_STRINGS = YES;
				SWIFT_VERSION = 5.0;
				TARGETED_DEVICE_FAMILY = "1,2";
			};
			name = Debug;
		};
		F6F6F6F6F6F6F6F6F6F6F6F6 /* Release */ = {
			isa = XCBuildConfiguration;
			buildSettings = {
				ASSETCATALOG_COMPILER_APPICON_NAME = AppIcon;
				ASSETCATALOG_COMPILER_GLOBAL_ACCENT_COLOR_NAME = AccentColor;
				CODE_SIGN_STYLE = Automatic;
				CURRENT_PROJECT_VERSION = 1;
				DEVELOPMENT_ASSET_PATHS = "";
				DEVELOPMENT_TEAM = 627B5YTK7V;
				ENABLE_PREVIEWS = YES;
				GENERATE_INFOPLIST_FILE = YES;
				INFOPLIST_KEY_UIApplicationSceneManifest_Generation = YES;
				INFOPLIST_KEY_UIApplicationSupportsIndirectInputEvents = YES;
				INFOPLIST_KEY_UILaunchScreen_Generation = YES;
				INFOPLIST_KEY_UISupportedInterfaceOrientations_iPad = "UIInterfaceOrientationPortrait UIInterfaceOrientationPortraitUpsideDown UIInterfaceOrientationLandscapeLeft UIInterfaceOrientationLandscapeRight";
				INFOPLIST_KEY_UISupportedInterfaceOrientations_iPhone = "UIInterfaceOrientationPortrait UIInterfaceOrientationLandscapeLeft UIInterfaceOrientationLandscapeRight";
				LD_RUNPATH_SEARCH_PATHS = (
					"$(inherited)",
					"@executable_path/Frameworks",
				);
				MARKETING_VERSION = 1.0;
				PRODUCT_BUNDLE_IDENTIFIER = com.example.TransitionPlanner;
				PRODUCT_NAME = "$(TARGET_NAME)";
				SWIFT_EMIT_LOC_STRINGS = YES;
				SWIFT_VERSION = 5.0;
				TARGETED_DEVICE_FAMILY = "1,2";
			};
			name = Release;
		};
/* End XCBuildConfiguration section */

/* Begin XCConfigurationList section */
		DEDEDEDEDEDEDEDEDEDEDEDE /* Build configuration list for PBXNativeTarget "TransitionPlanner" */ = {
			isa = XCConfigurationList;
			buildConfigurations = (
				F5F5F5F5F5F5F5F5F5F5F5F5 /* Debug */,
				F6F6F6F6F6F6F6F6F6F6F6F6 /* Release */,
			);
			defaultConfigurationIsVisible = 0;
			defaultConfigurationName = Release;
		};
		F2F2F2F2F2F2F2F2F2F2F2F2 /* Build configuration list for PBXProject "TransitionPlanner" */ = {
			isa = XCConfigurationList;
			buildConfigurations = (
				F3F3F3F3F3F3F3F3F3F3F3F3 /* Debug */,
				F4F4F4F4F4F4F4F4F4F4F4F4 /* Release */,
			);
			defaultConfigurationIsVisible = 0;
			defaultConfigurationName = Release;
		};
/* End XCConfigurationList section */
	};
	rootObject = F1F1F1F1F1F1F1F1F1F1F1F1 /* Project object */;
}
